// !$*UTF8*$!
{
	archiveVersion = 1;
	classes = {
	};
	objectVersion = 46;
	objects = {

/* Begin PBXBuildFile section */
		B41996FB1D3E3C7400592CDC /* AppDelegate.swift in Sources */ = {isa = PBXBuildFile; fileRef = B41996FA1D3E3C7400592CDC /* AppDelegate.swift */; };
		B41996FD1D3E3C7400592CDC /* GameScene.sks in Resources */ = {isa = PBXBuildFile; fileRef = B41996FC1D3E3C7400592CDC /* GameScene.sks */; };
		B41996FF1D3E3C7400592CDC /* GameScene.swift in Sources */ = {isa = PBXBuildFile; fileRef = B41996FE1D3E3C7400592CDC /* GameScene.swift */; };
		B41997011D3E3C7400592CDC /* GameViewController.swift in Sources */ = {isa = PBXBuildFile; fileRef = B41997001D3E3C7400592CDC /* GameViewController.swift */; };
		B41997041D3E3C7400592CDC /* Main.storyboard in Resources */ = {isa = PBXBuildFile; fileRef = B41997021D3E3C7400592CDC /* Main.storyboard */; };
		B41997061D3E3C7400592CDC /* Assets.xcassets in Resources */ = {isa = PBXBuildFile; fileRef = B41997051D3E3C7400592CDC /* Assets.xcassets */; };
		B41997091D3E3C7400592CDC /* LaunchScreen.storyboard in Resources */ = {isa = PBXBuildFile; fileRef = B41997071D3E3C7400592CDC /* LaunchScreen.storyboard */; };
		B41997121D3E3C8F00592CDC /* AppStoreReceiptObtainer.swift in Sources */ = {isa = PBXBuildFile; fileRef = B41997101D3E3C8F00592CDC /* AppStoreReceiptObtainer.swift */; };
		B41997131D3E3C8F00592CDC /* AppStoreReceiptValidator.swift in Sources */ = {isa = PBXBuildFile; fileRef = B41997111D3E3C8F00592CDC /* AppStoreReceiptValidator.swift */; };
/* End PBXBuildFile section */

/* Begin PBXFileReference section */
		B41996F71D3E3C7400592CDC /* AppStoreReceiptValidator.app */ = {isa = PBXFileReference; explicitFileType = wrapper.application; includeInIndex = 0; path = AppStoreReceiptValidator.app; sourceTree = BUILT_PRODUCTS_DIR; };
		B41996FA1D3E3C7400592CDC /* AppDelegate.swift */ = {isa = PBXFileReference; lastKnownFileType = sourcecode.swift; path = AppDelegate.swift; sourceTree = "<group>"; };
		B41996FC1D3E3C7400592CDC /* GameScene.sks */ = {isa = PBXFileReference; lastKnownFileType = file.sks; path = GameScene.sks; sourceTree = "<group>"; };
		B41996FE1D3E3C7400592CDC /* GameScene.swift */ = {isa = PBXFileReference; lastKnownFileType = sourcecode.swift; path = GameScene.swift; sourceTree = "<group>"; };
		B41997001D3E3C7400592CDC /* GameViewController.swift */ = {isa = PBXFileReference; lastKnownFileType = sourcecode.swift; path = GameViewController.swift; sourceTree = "<group>"; };
		B41997031D3E3C7400592CDC /* Base */ = {isa = PBXFileReference; lastKnownFileType = file.storyboard; name = Base; path = Base.lproj/Main.storyboard; sourceTree = "<group>"; };
		B41997051D3E3C7400592CDC /* Assets.xcassets */ = {isa = PBXFileReference; lastKnownFileType = folder.assetcatalog; path = Assets.xcassets; sourceTree = "<group>"; };
		B41997081D3E3C7400592CDC /* Base */ = {isa = PBXFileReference; lastKnownFileType = file.storyboard; name = Base; path = Base.lproj/LaunchScreen.storyboard; sourceTree = "<group>"; };
		B419970A1D3E3C7400592CDC /* Info.plist */ = {isa = PBXFileReference; lastKnownFileType = text.plist.xml; path = Info.plist; sourceTree = "<group>"; };
		B41997101D3E3C8F00592CDC /* AppStoreReceiptObtainer.swift */ = {isa = PBXFileReference; fileEncoding = 4; lastKnownFileType = sourcecode.swift; name = AppStoreReceiptObtainer.swift; path = AppStoreReceiptValidator/AppStoreReceiptObtainer.swift; sourceTree = "<group>"; };
		B41997111D3E3C8F00592CDC /* AppStoreReceiptValidator.swift */ = {isa = PBXFileReference; fileEncoding = 4; lastKnownFileType = sourcecode.swift; name = AppStoreReceiptValidator.swift; path = AppStoreReceiptValidator/AppStoreReceiptValidator.swift; sourceTree = "<group>"; };
/* End PBXFileReference section */

/* Begin PBXFrameworksBuildPhase section */
		B41996F41D3E3C7400592CDC /* Frameworks */ = {
			isa = PBXFrameworksBuildPhase;
			buildActionMask = 2147483647;
			files = (
			);
			runOnlyForDeploymentPostprocessing = 0;
		};
/* End PBXFrameworksBuildPhase section */

/* Begin PBXGroup section */
		B41996EE1D3E3C7400592CDC = {
			isa = PBXGroup;
			children = (
				B41997111D3E3C8F00592CDC /* AppStoreReceiptValidator.swift */,
				B41997101D3E3C8F00592CDC /* AppStoreReceiptObtainer.swift */,
				B41996F91D3E3C7400592CDC /* AppStoreReceiptValidator */,
				B41996F81D3E3C7400592CDC /* Products */,
			);
			sourceTree = "<group>";
		};
		B41996F81D3E3C7400592CDC /* Products */ = {
			isa = PBXGroup;
			children = (
				B41996F71D3E3C7400592CDC /* AppStoreReceiptValidator.app */,
			);
			name = Products;
			sourceTree = "<group>";
		};
		B41996F91D3E3C7400592CDC /* AppStoreReceiptValidator */ = {
			isa = PBXGroup;
			children = (
				B41996FA1D3E3C7400592CDC /* AppDelegate.swift */,
				B41996FC1D3E3C7400592CDC /* GameScene.sks */,
				B41996FE1D3E3C7400592CDC /* GameScene.swift */,
				B41997001D3E3C7400592CDC /* GameViewController.swift */,
				B41997021D3E3C7400592CDC /* Main.storyboard */,
				B41997051D3E3C7400592CDC /* Assets.xcassets */,
				B41997071D3E3C7400592CDC /* LaunchScreen.storyboard */,
				B419970A1D3E3C7400592CDC /* Info.plist */,
			);
			path = AppStoreReceiptValidator;
			sourceTree = "<group>";
		};
/* End PBXGroup section */

/* Begin PBXNativeTarget section */
		B41996F61D3E3C7400592CDC /* AppStoreReceiptValidator */ = {
			isa = PBXNativeTarget;
			buildConfigurationList = B419970D1D3E3C7400592CDC /* Build configuration list for PBXNativeTarget "AppStoreReceiptValidator" */;
			buildPhases = (
				B41996F31D3E3C7400592CDC /* Sources */,
				B41996F41D3E3C7400592CDC /* Frameworks */,
				B41996F51D3E3C7400592CDC /* Resources */,
			);
			buildRules = (
			);
			dependencies = (
			);
			name = AppStoreReceiptValidator;
			productName = AppStoreReceiptValidator;
			productReference = B41996F71D3E3C7400592CDC /* AppStoreReceiptValidator.app */;
			productType = "com.apple.product-type.application";
		};
/* End PBXNativeTarget section */

/* Begin PBXProject section */
		B41996EF1D3E3C7400592CDC /* Project object */ = {
			isa = PBXProject;
			attributes = {
				LastSwiftUpdateCheck = 0730;
				LastUpgradeCheck = 0800;
				ORGANIZATIONNAME = Dominik;
				TargetAttributes = {
					B41996F61D3E3C7400592CDC = {
						CreatedOnToolsVersion = 7.3.1;
						LastSwiftMigration = 0800;
					};
				};
			};
			buildConfigurationList = B41996F21D3E3C7400592CDC /* Build configuration list for PBXProject "AppStoreReceiptValidator" */;
			compatibilityVersion = "Xcode 3.2";
			developmentRegion = English;
			hasScannedForEncodings = 0;
			knownRegions = (
				en,
				Base,
			);
			mainGroup = B41996EE1D3E3C7400592CDC;
			productRefGroup = B41996F81D3E3C7400592CDC /* Products */;
			projectDirPath = "";
			projectRoot = "";
			targets = (
				B41996F61D3E3C7400592CDC /* AppStoreReceiptValidator */,
			);
		};
/* End PBXProject section */

/* Begin PBXResourcesBuildPhase section */
		B41996F51D3E3C7400592CDC /* Resources */ = {
			isa = PBXResourcesBuildPhase;
			buildActionMask = 2147483647;
			files = (
				B41996FD1D3E3C7400592CDC /* GameScene.sks in Resources */,
				B41997091D3E3C7400592CDC /* LaunchScreen.storyboard in Resources */,
				B41997061D3E3C7400592CDC /* Assets.xcassets in Resources */,
				B41997041D3E3C7400592CDC /* Main.storyboard in Resources */,
			);
			runOnlyForDeploymentPostprocessing = 0;
		};
/* End PBXResourcesBuildPhase section */

/* Begin PBXSourcesBuildPhase section */
		B41996F31D3E3C7400592CDC /* Sources */ = {
			isa = PBXSourcesBuildPhase;
			buildActionMask = 2147483647;
			files = (
				B41996FF1D3E3C7400592CDC /* GameScene.swift in Sources */,
				B41997011D3E3C7400592CDC /* GameViewController.swift in Sources */,
				B41997121D3E3C8F00592CDC /* AppStoreReceiptObtainer.swift in Sources */,
				B41996FB1D3E3C7400592CDC /* AppDelegate.swift in Sources */,
				B41997131D3E3C8F00592CDC /* AppStoreReceiptValidator.swift in Sources */,
			);
			runOnlyForDeploymentPostprocessing = 0;
		};
/* End PBXSourcesBuildPhase section */

/* Begin PBXVariantGroup section */
		B41997021D3E3C7400592CDC /* Main.storyboard */ = {
			isa = PBXVariantGroup;
			children = (
				B41997031D3E3C7400592CDC /* Base */,
			);
			name = Main.storyboard;
			sourceTree = "<group>";
		};
		B41997071D3E3C7400592CDC /* LaunchScreen.storyboard */ = {
			isa = PBXVariantGroup;
			children = (
				B41997081D3E3C7400592CDC /* Base */,
			);
			name = LaunchScreen.storyboard;
			sourceTree = "<group>";
		};
/* End PBXVariantGroup section */

/* Begin XCBuildConfiguration section */
		B419970B1D3E3C7400592CDC /* Debug */ = {
			isa = XCBuildConfiguration;
			buildSettings = {
				ALWAYS_SEARCH_USER_PATHS = NO;
				CLANG_ANALYZER_NONNULL = YES;
				CLANG_CXX_LANGUAGE_STANDARD = "gnu++0x";
				CLANG_CXX_LIBRARY = "libc++";
				CLANG_ENABLE_MODULES = YES;
				CLANG_ENABLE_OBJC_ARC = YES;
				CLANG_WARN_BOOL_CONVERSION = YES;
				CLANG_WARN_CONSTANT_CONVERSION = YES;
				CLANG_WARN_DIRECT_OBJC_ISA_USAGE = YES_ERROR;
				CLANG_WARN_EMPTY_BODY = YES;
				CLANG_WARN_ENUM_CONVERSION = YES;
				CLANG_WARN_INFINITE_RECURSION = YES;
				CLANG_WARN_INT_CONVERSION = YES;
				CLANG_WARN_OBJC_ROOT_CLASS = YES_ERROR;
				CLANG_WARN_SUSPICIOUS_MOVE = YES;
				CLANG_WARN_UNREACHABLE_CODE = YES;
				CLANG_WARN__DUPLICATE_METHOD_MATCH = YES;
				"CODE_SIGN_IDENTITY[sdk=iphoneos*]" = "iPhone Developer";
				COPY_PHASE_STRIP = NO;
				DEBUG_INFORMATION_FORMAT = "dwarf-with-dsym";
				ENABLE_STRICT_OBJC_MSGSEND = YES;
				ENABLE_TESTABILITY = YES;
				GCC_C_LANGUAGE_STANDARD = gnu99;
				GCC_DYNAMIC_NO_PIC = NO;
				GCC_NO_COMMON_BLOCKS = YES;
				GCC_OPTIMIZATION_LEVEL = 0;
				GCC_PREPROCESSOR_DEFINITIONS = (
					"DEBUG=1",
					"$(inherited)",
				);
				GCC_WARN_64_TO_32_BIT_CONVERSION = YES;
				GCC_WARN_ABOUT_RETURN_TYPE = YES_ERROR;
				GCC_WARN_UNDECLARED_SELECTOR = YES;
				GCC_WARN_UNINITIALIZED_AUTOS = YES_AGGRESSIVE;
				GCC_WARN_UNUSED_FUNCTION = YES;
				GCC_WARN_UNUSED_VARIABLE = YES;
				IPHONEOS_DEPLOYMENT_TARGET = 9.3;
				MTL_ENABLE_DEBUG_INFO = YES;
				ONLY_ACTIVE_ARCH = YES;
				SDKROOT = iphoneos;
				SWIFT_OPTIMIZATION_LEVEL = "-Onone";
				TARGETED_DEVICE_FAMILY = "1,2";
			};
			name = Debug;
		};
		B419970C1D3E3C7400592CDC /* Release */ = {
			isa = XCBuildConfiguration;
			buildSettings = {
				ALWAYS_SEARCH_USER_PATHS = NO;
				CLANG_ANALYZER_NONNULL = YES;
				CLANG_CXX_LANGUAGE_STANDARD = "gnu++0x";
				CLANG_CXX_LIBRARY = "libc++";
				CLANG_ENABLE_MODULES = YES;
				CLANG_ENABLE_OBJC_ARC = YES;
				CLANG_WARN_BOOL_CONVERSION = YES;
				CLANG_WARN_CONSTANT_CONVERSION = YES;
				CLANG_WARN_DIRECT_OBJC_ISA_USAGE = YES_ERROR;
				CLANG_WARN_EMPTY_BODY = YES;
				CLANG_WARN_ENUM_CONVERSION = YES;
				CLANG_WARN_INFINITE_RECURSION = YES;
				CLANG_WARN_INT_CONVERSION = YES;
				CLANG_WARN_OBJC_ROOT_CLASS = YES_ERROR;
				CLANG_WARN_SUSPICIOUS_MOVE = YES;
				CLANG_WARN_UNREACHABLE_CODE = YES;
				CLANG_WARN__DUPLICATE_METHOD_MATCH = YES;
				"CODE_SIGN_IDENTITY[sdk=iphoneos*]" = "iPhone Developer";
				COPY_PHASE_STRIP = NO;
				DEBUG_INFORMATION_FORMAT = "dwarf-with-dsym";
				ENABLE_NS_ASSERTIONS = NO;
				ENABLE_STRICT_OBJC_MSGSEND = YES;
				GCC_C_LANGUAGE_STANDARD = gnu99;
				GCC_NO_COMMON_BLOCKS = YES;
				GCC_WARN_64_TO_32_BIT_CONVERSION = YES;
				GCC_WARN_ABOUT_RETURN_TYPE = YES_ERROR;
				GCC_WARN_UNDECLARED_SELECTOR = YES;
				GCC_WARN_UNINITIALIZED_AUTOS = YES_AGGRESSIVE;
				GCC_WARN_UNUSED_FUNCTION = YES;
				GCC_WARN_UNUSED_VARIABLE = YES;
				IPHONEOS_DEPLOYMENT_TARGET = 9.3;
				MTL_ENABLE_DEBUG_INFO = NO;
				SDKROOT = iphoneos;
				SWIFT_OPTIMIZATION_LEVEL = "-Owholemodule";
				TARGETED_DEVICE_FAMILY = "1,2";
				VALIDATE_PRODUCT = YES;
			};
			name = Release;
		};
		B419970E1D3E3C7400592CDC /* Debug */ = {
			isa = XCBuildConfiguration;
			buildSettings = {
				ASSETCATALOG_COMPILER_APPICON_NAME = AppIcon;
				INFOPLIST_FILE = AppStoreReceiptValidator/Info.plist;
				LD_RUNPATH_SEARCH_PATHS = "$(inherited) @executable_path/Frameworks";
				PRODUCT_BUNDLE_IDENTIFIER = AppStoreReceiptValidator;
				PRODUCT_NAME = "$(TARGET_NAME)";
				SWIFT_VERSION = 3.0;
			};
			name = Debug;
		};
		B419970F1D3E3C7400592CDC /* Release */ = {
			isa = XCBuildConfiguration;
			buildSettings = {
				ASSETCATALOG_COMPILER_APPICON_NAME = AppIcon;
				INFOPLIST_FILE = AppStoreReceiptValidator/Info.plist;
				LD_RUNPATH_SEARCH_PATHS = "$(inherited) @executable_path/Frameworks";
				PRODUCT_BUNDLE_IDENTIFIER = AppStoreReceiptValidator;
				PRODUCT_NAME = "$(TARGET_NAME)";
				SWIFT_VERSION = 3.0;
			};
			name = Release;
		};
/* End XCBuildConfiguration section */

/* Begin XCConfigurationList section */
		B41996F21D3E3C7400592CDC /* Build configuration list for PBXProject "AppStoreReceiptValidator" */ = {
			isa = XCConfigurationList;
			buildConfigurations = (
				B419970B1D3E3C7400592CDC /* Debug */,
				B419970C1D3E3C7400592CDC /* Release */,
			);
			defaultConfigurationIsVisible = 0;
			defaultConfigurationName = Release;
		};
		B419970D1D3E3C7400592CDC /* Build configuration list for PBXNativeTarget "AppStoreReceiptValidator" */ = {
			isa = XCConfigurationList;
			buildConfigurations = (
				B419970E1D3E3C7400592CDC /* Debug */,
				B419970F1D3E3C7400592CDC /* Release */,
			);
			defaultConfigurationIsVisible = 0;
			defaultConfigurationName = Release;
		};
/* End XCConfigurationList section */
	};
	rootObject = B41996EF1D3E3C7400592CDC /* Project object */;
}
