// !$*UTF8*$!
{
	archiveVersion = 1;
	classes = {
	};
	objectVersion = 55;
	objects = {

/* Begin PBXBuildFile section */
		B4507838281F4C2F0030B001 /* SwiftyReceiptValidator_tvOS.h in Headers */ = {isa = PBXBuildFile; fileRef = B450782A281F4C2F0030B001 /* SwiftyReceiptValidator_tvOS.h */; settings = {ATTRIBUTES = (Public, ); }; };
		B4507847281F4D170030B001 /* SwiftyReceiptValidator_macOS.h in Headers */ = {isa = PBXBuildFile; fileRef = B4507846281F4D170030B001 /* SwiftyReceiptValidator_macOS.h */; settings = {ATTRIBUTES = (Public, ); }; };
		B47BAC63281F4EB4004E05B9 /* ReceiptURLFetcher.swift in Sources */ = {isa = PBXBuildFile; fileRef = 6ACC624A235136070085A42F /* ReceiptURLFetcher.swift */; };
		B47BAC64281F4EB4004E05B9 /* ResponseValidator.swift in Sources */ = {isa = PBXBuildFile; fileRef = 6ACC6249235136070085A42F /* ResponseValidator.swift */; };
		B47BAC65281F4EB4004E05B9 /* URLSessionManager.swift in Sources */ = {isa = PBXBuildFile; fileRef = 6ACC624B235136070085A42F /* URLSessionManager.swift */; };
		B47BAC66281F4EB4004E05B9 /* JSONDecoder+Receipt.swift in Sources */ = {isa = PBXBuildFile; fileRef = 6AD83A6923D46D6E00D3919C /* JSONDecoder+Receipt.swift */; };
		B47BAC67281F4EB4004E05B9 /* ReceiptClient.swift in Sources */ = {isa = PBXBuildFile; fileRef = 6AD83A5B23D3A0D400D3919C /* ReceiptClient.swift */; };
		B47BAC68281F4EB4004E05B9 /* ReceiptURLFetcher.swift in Sources */ = {isa = PBXBuildFile; fileRef = 6ACC624A235136070085A42F /* ReceiptURLFetcher.swift */; };
		B47BAC69281F4EB4004E05B9 /* ResponseValidator.swift in Sources */ = {isa = PBXBuildFile; fileRef = 6ACC6249235136070085A42F /* ResponseValidator.swift */; };
		B47BAC6A281F4EB4004E05B9 /* URLSessionManager.swift in Sources */ = {isa = PBXBuildFile; fileRef = 6ACC624B235136070085A42F /* URLSessionManager.swift */; };
		B47BAC6B281F4EB4004E05B9 /* JSONDecoder+Receipt.swift in Sources */ = {isa = PBXBuildFile; fileRef = 6AD83A6923D46D6E00D3919C /* JSONDecoder+Receipt.swift */; };
		B47BAC6C281F4EB4004E05B9 /* ReceiptClient.swift in Sources */ = {isa = PBXBuildFile; fileRef = 6AD83A5B23D3A0D400D3919C /* ReceiptClient.swift */; };
		B47BAC6D281F4EBB004E05B9 /* Configuration.swift in Sources */ = {isa = PBXBuildFile; fileRef = 6A53FC0523D36AAD00E7D814 /* Configuration.swift */; };
		B47BAC6E281F4EBB004E05B9 /* Receipt.swift in Sources */ = {isa = PBXBuildFile; fileRef = 6ACC6252235136150085A42F /* Receipt.swift */; };
		B47BAC6F281F4EBB004E05B9 /* PendingRenewalInfo.swift in Sources */ = {isa = PBXBuildFile; fileRef = 6ACC6254235136150085A42F /* PendingRenewalInfo.swift */; };
		B47BAC70281F4EBB004E05B9 /* ReceiptInApp.swift in Sources */ = {isa = PBXBuildFile; fileRef = 6ACC6255235136150085A42F /* ReceiptInApp.swift */; };
		B47BAC71281F4EBB004E05B9 /* Error.swift in Sources */ = {isa = PBXBuildFile; fileRef = 6ACC6253235136150085A42F /* Error.swift */; };
		B47BAC72281F4EBB004E05B9 /* StatusCode.swift in Sources */ = {isa = PBXBuildFile; fileRef = 6A53FBE023D321FD00E7D814 /* StatusCode.swift */; };
		B47BAC73281F4EBB004E05B9 /* AutoRenewStatus.swift in Sources */ = {isa = PBXBuildFile; fileRef = 6AD9353B2358FA7000E75ED5 /* AutoRenewStatus.swift */; };
		B47BAC74281F4EBC004E05B9 /* Configuration.swift in Sources */ = {isa = PBXBuildFile; fileRef = 6A53FC0523D36AAD00E7D814 /* Configuration.swift */; };
		B47BAC75281F4EBC004E05B9 /* Receipt.swift in Sources */ = {isa = PBXBuildFile; fileRef = 6ACC6252235136150085A42F /* Receipt.swift */; };
		B47BAC76281F4EBC004E05B9 /* PendingRenewalInfo.swift in Sources */ = {isa = PBXBuildFile; fileRef = 6ACC6254235136150085A42F /* PendingRenewalInfo.swift */; };
		B47BAC77281F4EBC004E05B9 /* ReceiptInApp.swift in Sources */ = {isa = PBXBuildFile; fileRef = 6ACC6255235136150085A42F /* ReceiptInApp.swift */; };
		B47BAC78281F4EBC004E05B9 /* Error.swift in Sources */ = {isa = PBXBuildFile; fileRef = 6ACC6253235136150085A42F /* Error.swift */; };
		B47BAC79281F4EBC004E05B9 /* StatusCode.swift in Sources */ = {isa = PBXBuildFile; fileRef = 6A53FBE023D321FD00E7D814 /* StatusCode.swift */; };
		B47BAC7A281F4EBC004E05B9 /* AutoRenewStatus.swift in Sources */ = {isa = PBXBuildFile; fileRef = 6AD9353B2358FA7000E75ED5 /* AutoRenewStatus.swift */; };
		B47BAC7B281F4EC0004E05B9 /* ReceiptInApp+Mock.swift in Sources */ = {isa = PBXBuildFile; fileRef = 6A2F6EEF238C6CC0008AA0B0 /* ReceiptInApp+Mock.swift */; };
		B47BAC7C281F4EC0004E05B9 /* ReceiptResponse+Mock.swift in Sources */ = {isa = PBXBuildFile; fileRef = 6A2F6EEB238C6C6C008AA0B0 /* ReceiptResponse+Mock.swift */; };
		B47BAC7D281F4EC0004E05B9 /* Receipt+Mock.swift in Sources */ = {isa = PBXBuildFile; fileRef = 6A2F6EF3238C6F6F008AA0B0 /* Receipt+Mock.swift */; };
		B47BAC7E281F4EC0004E05B9 /* PendingRenewalInfo+Mock.swift in Sources */ = {isa = PBXBuildFile; fileRef = 6A2F6EF1238C6E84008AA0B0 /* PendingRenewalInfo+Mock.swift */; };
		B47BAC7F281F4EC0004E05B9 /* SubscriptionValidationResponse+Mock.swift in Sources */ = {isa = PBXBuildFile; fileRef = 6A2F6EED238C6C7F008AA0B0 /* SubscriptionValidationResponse+Mock.swift */; };
		B47BAC80281F4EC0004E05B9 /* ReceiptInApp+Mock.swift in Sources */ = {isa = PBXBuildFile; fileRef = 6A2F6EEF238C6CC0008AA0B0 /* ReceiptInApp+Mock.swift */; };
		B47BAC81281F4EC0004E05B9 /* ReceiptResponse+Mock.swift in Sources */ = {isa = PBXBuildFile; fileRef = 6A2F6EEB238C6C6C008AA0B0 /* ReceiptResponse+Mock.swift */; };
		B47BAC82281F4EC0004E05B9 /* Receipt+Mock.swift in Sources */ = {isa = PBXBuildFile; fileRef = 6A2F6EF3238C6F6F008AA0B0 /* Receipt+Mock.swift */; };
		B47BAC83281F4EC0004E05B9 /* PendingRenewalInfo+Mock.swift in Sources */ = {isa = PBXBuildFile; fileRef = 6A2F6EF1238C6E84008AA0B0 /* PendingRenewalInfo+Mock.swift */; };
		B47BAC84281F4EC0004E05B9 /* SubscriptionValidationResponse+Mock.swift in Sources */ = {isa = PBXBuildFile; fileRef = 6A2F6EED238C6C7F008AA0B0 /* SubscriptionValidationResponse+Mock.swift */; };
		B47BAC85281F4EC5004E05B9 /* SubscriptionValidationRequest.swift in Sources */ = {isa = PBXBuildFile; fileRef = 6AD83A7A23D4A1B800D3919C /* SubscriptionValidationRequest.swift */; };
		B47BAC86281F4EC5004E05B9 /* PurchaseValidationRequest.swift in Sources */ = {isa = PBXBuildFile; fileRef = 6AD83A7823D4A17600D3919C /* PurchaseValidationRequest.swift */; };
		B47BAC87281F4EC5004E05B9 /* SubscriptionValidationRequest.swift in Sources */ = {isa = PBXBuildFile; fileRef = 6AD83A7A23D4A1B800D3919C /* SubscriptionValidationRequest.swift */; };
		B47BAC88281F4EC5004E05B9 /* PurchaseValidationRequest.swift in Sources */ = {isa = PBXBuildFile; fileRef = 6AD83A7823D4A17600D3919C /* PurchaseValidationRequest.swift */; };
		B47BAC89281F4ECA004E05B9 /* SubscriptionValidationResponse.swift in Sources */ = {isa = PBXBuildFile; fileRef = 6AD9353D2358FC8300E75ED5 /* SubscriptionValidationResponse.swift */; };
		B47BAC8A281F4ECA004E05B9 /* ReceiptResponse.swift in Sources */ = {isa = PBXBuildFile; fileRef = 6ACC6251235136150085A42F /* ReceiptResponse.swift */; };
		B47BAC8B281F4ECB004E05B9 /* SubscriptionValidationResponse.swift in Sources */ = {isa = PBXBuildFile; fileRef = 6AD9353D2358FC8300E75ED5 /* SubscriptionValidationResponse.swift */; };
		B47BAC8C281F4ECB004E05B9 /* ReceiptResponse.swift in Sources */ = {isa = PBXBuildFile; fileRef = 6ACC6251235136150085A42F /* ReceiptResponse.swift */; };
		B47BAC8D281F4ECE004E05B9 /* ReceiptValidator.swift in Sources */ = {isa = PBXBuildFile; fileRef = B4533F3D1DA2BDA700440CC0 /* ReceiptValidator.swift */; };
		B47BAC8E281F4ECE004E05B9 /* ReceiptValidator.swift in Sources */ = {isa = PBXBuildFile; fileRef = B4533F3D1DA2BDA700440CC0 /* ReceiptValidator.swift */; };
		B4D69701281F514000DA13C0 /* SwiftyReceiptValidator_iOS.h in Headers */ = {isa = PBXBuildFile; fileRef = B4D69700281F514000DA13C0 /* SwiftyReceiptValidator_iOS.h */; settings = {ATTRIBUTES = (Public, ); }; };
		B4D69705281F515500DA13C0 /* ReceiptURLFetcher.swift in Sources */ = {isa = PBXBuildFile; fileRef = 6ACC624A235136070085A42F /* ReceiptURLFetcher.swift */; };
		B4D69706281F515500DA13C0 /* ReceiptClient.swift in Sources */ = {isa = PBXBuildFile; fileRef = 6AD83A5B23D3A0D400D3919C /* ReceiptClient.swift */; };
		B4D69707281F515500DA13C0 /* ResponseValidator.swift in Sources */ = {isa = PBXBuildFile; fileRef = 6ACC6249235136070085A42F /* ResponseValidator.swift */; };
		B4D69708281F515500DA13C0 /* URLSessionManager.swift in Sources */ = {isa = PBXBuildFile; fileRef = 6ACC624B235136070085A42F /* URLSessionManager.swift */; };
		B4D69709281F515500DA13C0 /* JSONDecoder+Receipt.swift in Sources */ = {isa = PBXBuildFile; fileRef = 6AD83A6923D46D6E00D3919C /* JSONDecoder+Receipt.swift */; };
		B4D6970A281F515900DA13C0 /* ReceiptValidator.swift in Sources */ = {isa = PBXBuildFile; fileRef = B4533F3D1DA2BDA700440CC0 /* ReceiptValidator.swift */; };
		B4D6970B281F515D00DA13C0 /* Receipt.swift in Sources */ = {isa = PBXBuildFile; fileRef = 6ACC6252235136150085A42F /* Receipt.swift */; };
		B4D6970C281F515D00DA13C0 /* PendingRenewalInfo.swift in Sources */ = {isa = PBXBuildFile; fileRef = 6ACC6254235136150085A42F /* PendingRenewalInfo.swift */; };
		B4D6970D281F515D00DA13C0 /* ReceiptInApp.swift in Sources */ = {isa = PBXBuildFile; fileRef = 6ACC6255235136150085A42F /* ReceiptInApp.swift */; };
		B4D6970E281F515D00DA13C0 /* AutoRenewStatus.swift in Sources */ = {isa = PBXBuildFile; fileRef = 6AD9353B2358FA7000E75ED5 /* AutoRenewStatus.swift */; };
		B4D69710281F515D00DA13C0 /* StatusCode.swift in Sources */ = {isa = PBXBuildFile; fileRef = 6A53FBE023D321FD00E7D814 /* StatusCode.swift */; };
		B4D69711281F515D00DA13C0 /* Configuration.swift in Sources */ = {isa = PBXBuildFile; fileRef = 6A53FC0523D36AAD00E7D814 /* Configuration.swift */; };
		B4D69712281F516300DA13C0 /* ReceiptResponse+Mock.swift in Sources */ = {isa = PBXBuildFile; fileRef = 6A2F6EEB238C6C6C008AA0B0 /* ReceiptResponse+Mock.swift */; };
		B4D69713281F516300DA13C0 /* PendingRenewalInfo+Mock.swift in Sources */ = {isa = PBXBuildFile; fileRef = 6A2F6EF1238C6E84008AA0B0 /* PendingRenewalInfo+Mock.swift */; };
		B4D69714281F516300DA13C0 /* ReceiptInApp+Mock.swift in Sources */ = {isa = PBXBuildFile; fileRef = 6A2F6EEF238C6CC0008AA0B0 /* ReceiptInApp+Mock.swift */; };
		B4D69715281F516300DA13C0 /* Receipt+Mock.swift in Sources */ = {isa = PBXBuildFile; fileRef = 6A2F6EF3238C6F6F008AA0B0 /* Receipt+Mock.swift */; };
		B4D69716281F516300DA13C0 /* SubscriptionValidationResponse+Mock.swift in Sources */ = {isa = PBXBuildFile; fileRef = 6A2F6EED238C6C7F008AA0B0 /* SubscriptionValidationResponse+Mock.swift */; };
		B4D69717281F516600DA13C0 /* PurchaseValidationRequest.swift in Sources */ = {isa = PBXBuildFile; fileRef = 6AD83A7823D4A17600D3919C /* PurchaseValidationRequest.swift */; };
		B4D69718281F516600DA13C0 /* SubscriptionValidationRequest.swift in Sources */ = {isa = PBXBuildFile; fileRef = 6AD83A7A23D4A1B800D3919C /* SubscriptionValidationRequest.swift */; };
		B4D69719281F516A00DA13C0 /* SubscriptionValidationResponse.swift in Sources */ = {isa = PBXBuildFile; fileRef = 6AD9353D2358FC8300E75ED5 /* SubscriptionValidationResponse.swift */; };
		B4D6971A281F516A00DA13C0 /* ReceiptResponse.swift in Sources */ = {isa = PBXBuildFile; fileRef = 6ACC6251235136150085A42F /* ReceiptResponse.swift */; };
		B4D6971B281F51DA00DA13C0 /* Error.swift in Sources */ = {isa = PBXBuildFile; fileRef = 6ACC6253235136150085A42F /* Error.swift */; };
/* End PBXBuildFile section */

/* Begin PBXFileReference section */
		6A2755922315D0EA00F131C1 /* README.md */ = {isa = PBXFileReference; fileEncoding = 4; lastKnownFileType = net.daringfireball.markdown; path = README.md; sourceTree = "<group>"; };
		6A2F6EEB238C6C6C008AA0B0 /* ReceiptResponse+Mock.swift */ = {isa = PBXFileReference; lastKnownFileType = sourcecode.swift; path = "ReceiptResponse+Mock.swift"; sourceTree = "<group>"; };
		6A2F6EED238C6C7F008AA0B0 /* SubscriptionValidationResponse+Mock.swift */ = {isa = PBXFileReference; lastKnownFileType = sourcecode.swift; path = "SubscriptionValidationResponse+Mock.swift"; sourceTree = "<group>"; };
		6A2F6EEF238C6CC0008AA0B0 /* ReceiptInApp+Mock.swift */ = {isa = PBXFileReference; lastKnownFileType = sourcecode.swift; path = "ReceiptInApp+Mock.swift"; sourceTree = "<group>"; };
		6A2F6EF1238C6E84008AA0B0 /* PendingRenewalInfo+Mock.swift */ = {isa = PBXFileReference; lastKnownFileType = sourcecode.swift; path = "PendingRenewalInfo+Mock.swift"; sourceTree = "<group>"; };
		6A2F6EF3238C6F6F008AA0B0 /* Receipt+Mock.swift */ = {isa = PBXFileReference; lastKnownFileType = sourcecode.swift; path = "Receipt+Mock.swift"; sourceTree = "<group>"; };
		6A436B5C23EEDAC500D5F5EA /* Package.swift */ = {isa = PBXFileReference; lastKnownFileType = sourcecode.swift; path = Package.swift; sourceTree = "<group>"; };
		6A53FBE023D321FD00E7D814 /* StatusCode.swift */ = {isa = PBXFileReference; lastKnownFileType = sourcecode.swift; path = StatusCode.swift; sourceTree = "<group>"; };
		6A53FC0523D36AAD00E7D814 /* Configuration.swift */ = {isa = PBXFileReference; lastKnownFileType = sourcecode.swift; path = Configuration.swift; sourceTree = "<group>"; };
		6ACC6249235136070085A42F /* ResponseValidator.swift */ = {isa = PBXFileReference; fileEncoding = 4; lastKnownFileType = sourcecode.swift; path = ResponseValidator.swift; sourceTree = "<group>"; };
		6ACC624A235136070085A42F /* ReceiptURLFetcher.swift */ = {isa = PBXFileReference; fileEncoding = 4; lastKnownFileType = sourcecode.swift; path = ReceiptURLFetcher.swift; sourceTree = "<group>"; };
		6ACC624B235136070085A42F /* URLSessionManager.swift */ = {isa = PBXFileReference; fileEncoding = 4; lastKnownFileType = sourcecode.swift; path = URLSessionManager.swift; sourceTree = "<group>"; };
		6ACC6251235136150085A42F /* ReceiptResponse.swift */ = {isa = PBXFileReference; fileEncoding = 4; lastKnownFileType = sourcecode.swift; path = ReceiptResponse.swift; sourceTree = "<group>"; };
		6ACC6252235136150085A42F /* Receipt.swift */ = {isa = PBXFileReference; fileEncoding = 4; lastKnownFileType = sourcecode.swift; path = Receipt.swift; sourceTree = "<group>"; };
		6ACC6253235136150085A42F /* Error.swift */ = {isa = PBXFileReference; fileEncoding = 4; lastKnownFileType = sourcecode.swift; path = Error.swift; sourceTree = "<group>"; };
		6ACC6254235136150085A42F /* PendingRenewalInfo.swift */ = {isa = PBXFileReference; fileEncoding = 4; lastKnownFileType = sourcecode.swift; path = PendingRenewalInfo.swift; sourceTree = "<group>"; };
		6ACC6255235136150085A42F /* ReceiptInApp.swift */ = {isa = PBXFileReference; fileEncoding = 4; lastKnownFileType = sourcecode.swift; path = ReceiptInApp.swift; sourceTree = "<group>"; };
		6AD83A5B23D3A0D400D3919C /* ReceiptClient.swift */ = {isa = PBXFileReference; lastKnownFileType = sourcecode.swift; path = ReceiptClient.swift; sourceTree = "<group>"; };
		6AD83A6923D46D6E00D3919C /* JSONDecoder+Receipt.swift */ = {isa = PBXFileReference; lastKnownFileType = sourcecode.swift; path = "JSONDecoder+Receipt.swift"; sourceTree = "<group>"; };
		6AD83A7823D4A17600D3919C /* PurchaseValidationRequest.swift */ = {isa = PBXFileReference; lastKnownFileType = sourcecode.swift; path = PurchaseValidationRequest.swift; sourceTree = "<group>"; };
		6AD83A7A23D4A1B800D3919C /* SubscriptionValidationRequest.swift */ = {isa = PBXFileReference; lastKnownFileType = sourcecode.swift; path = SubscriptionValidationRequest.swift; sourceTree = "<group>"; };
		6AD9353B2358FA7000E75ED5 /* AutoRenewStatus.swift */ = {isa = PBXFileReference; lastKnownFileType = sourcecode.swift; path = AutoRenewStatus.swift; sourceTree = "<group>"; };
		6AD9353D2358FC8300E75ED5 /* SubscriptionValidationResponse.swift */ = {isa = PBXFileReference; lastKnownFileType = sourcecode.swift; path = SubscriptionValidationResponse.swift; sourceTree = "<group>"; };
		B4507828281F4C2F0030B001 /* SwiftyReceiptValidator.framework */ = {isa = PBXFileReference; explicitFileType = wrapper.framework; includeInIndex = 0; path = SwiftyReceiptValidator.framework; sourceTree = BUILT_PRODUCTS_DIR; };
		B450782A281F4C2F0030B001 /* SwiftyReceiptValidator_tvOS.h */ = {isa = PBXFileReference; lastKnownFileType = sourcecode.c.h; path = SwiftyReceiptValidator_tvOS.h; sourceTree = "<group>"; };
		B4507844281F4D170030B001 /* SwiftyReceiptValidator_macOS.framework */ = {isa = PBXFileReference; explicitFileType = wrapper.framework; includeInIndex = 0; path = SwiftyReceiptValidator_macOS.framework; sourceTree = BUILT_PRODUCTS_DIR; };
		B4507846281F4D170030B001 /* SwiftyReceiptValidator_macOS.h */ = {isa = PBXFileReference; lastKnownFileType = sourcecode.c.h; path = SwiftyReceiptValidator_macOS.h; sourceTree = "<group>"; };
		B4533F3D1DA2BDA700440CC0 /* ReceiptValidator.swift */ = {isa = PBXFileReference; fileEncoding = 4; lastKnownFileType = sourcecode.swift; path = ReceiptValidator.swift; sourceTree = "<group>"; };
		B4D696FE281F514000DA13C0 /* SwiftyReceiptValidator.framework */ = {isa = PBXFileReference; explicitFileType = wrapper.framework; includeInIndex = 0; path = SwiftyReceiptValidator.framework; sourceTree = BUILT_PRODUCTS_DIR; };
		B4D69700281F514000DA13C0 /* SwiftyReceiptValidator_iOS.h */ = {isa = PBXFileReference; lastKnownFileType = sourcecode.c.h; path = SwiftyReceiptValidator_iOS.h; sourceTree = "<group>"; };
		B4D6971C281F51FD00DA13C0 /* SwiftyReceiptValidator.podspec */ = {isa = PBXFileReference; lastKnownFileType = text; path = SwiftyReceiptValidator.podspec; sourceTree = "<group>"; };
/* End PBXFileReference section */

/* Begin PBXFrameworksBuildPhase section */
		B4507825281F4C2F0030B001 /* Frameworks */ = {
			isa = PBXFrameworksBuildPhase;
			buildActionMask = 2147483647;
			files = (
			);
			runOnlyForDeploymentPostprocessing = 0;
		};
		B4507841281F4D170030B001 /* Frameworks */ = {
			isa = PBXFrameworksBuildPhase;
			buildActionMask = 2147483647;
			files = (
			);
			runOnlyForDeploymentPostprocessing = 0;
		};
		B4D696FB281F514000DA13C0 /* Frameworks */ = {
			isa = PBXFrameworksBuildPhase;
			buildActionMask = 2147483647;
			files = (
			);
			runOnlyForDeploymentPostprocessing = 0;
		};
/* End PBXFrameworksBuildPhase section */

/* Begin PBXGroup section */
		6A436B5E23EEDE9700D5F5EA /* Mocks */ = {
			isa = PBXGroup;
			children = (
				6A2F6EEB238C6C6C008AA0B0 /* ReceiptResponse+Mock.swift */,
				6A2F6EF3238C6F6F008AA0B0 /* Receipt+Mock.swift */,
				6A2F6EEF238C6CC0008AA0B0 /* ReceiptInApp+Mock.swift */,
				6A2F6EF1238C6E84008AA0B0 /* PendingRenewalInfo+Mock.swift */,
				6A2F6EED238C6C7F008AA0B0 /* SubscriptionValidationResponse+Mock.swift */,
			);
			path = Mocks;
			sourceTree = "<group>";
		};
		6AA4F7BC23D5095E00CF4514 /* Sources */ = {
			isa = PBXGroup;
			children = (
				6AE7FC8C2433892C0098A896 /* Public */,
				6ADEB8EC2200F8C300370C71 /* Internal */,
			);
			path = Sources;
			sourceTree = "<group>";
		};
		6AD83A7723D4A16000D3919C /* Requests */ = {
			isa = PBXGroup;
			children = (
				6AD83A7823D4A17600D3919C /* PurchaseValidationRequest.swift */,
				6AD83A7A23D4A1B800D3919C /* SubscriptionValidationRequest.swift */,
			);
			path = Requests;
			sourceTree = "<group>";
		};
		6AD83A8123D4A5A200D3919C /* Responses */ = {
			isa = PBXGroup;
			children = (
				6ACC6251235136150085A42F /* ReceiptResponse.swift */,
				6AD9353D2358FC8300E75ED5 /* SubscriptionValidationResponse.swift */,
			);
			path = Responses;
			sourceTree = "<group>";
		};
		6ADEB8B62200859000370C71 /* Models */ = {
			isa = PBXGroup;
			children = (
				6ACC6253235136150085A42F /* Error.swift */,
				6A53FC0523D36AAD00E7D814 /* Configuration.swift */,
				6ACC6252235136150085A42F /* Receipt.swift */,
				6ACC6255235136150085A42F /* ReceiptInApp.swift */,
				6A53FBE023D321FD00E7D814 /* StatusCode.swift */,
				6AD9353B2358FA7000E75ED5 /* AutoRenewStatus.swift */,
				6ACC6254235136150085A42F /* PendingRenewalInfo.swift */,
				6A436B5E23EEDE9700D5F5EA /* Mocks */,
				6AD83A7723D4A16000D3919C /* Requests */,
				6AD83A8123D4A5A200D3919C /* Responses */,
			);
			path = Models;
			sourceTree = "<group>";
		};
		6ADEB8BF2200883600370C71 /* Validator */ = {
			isa = PBXGroup;
			children = (
				B4533F3D1DA2BDA700440CC0 /* ReceiptValidator.swift */,
			);
			path = Validator;
			sourceTree = "<group>";
		};
		6ADEB8EC2200F8C300370C71 /* Internal */ = {
			isa = PBXGroup;
			children = (
				6ACC624A235136070085A42F /* ReceiptURLFetcher.swift */,
				6AD83A5B23D3A0D400D3919C /* ReceiptClient.swift */,
				6ACC6249235136070085A42F /* ResponseValidator.swift */,
				6ACC624B235136070085A42F /* URLSessionManager.swift */,
				6AD83A6923D46D6E00D3919C /* JSONDecoder+Receipt.swift */,
			);
			path = Internal;
			sourceTree = "<group>";
		};
		6AE7FC8C2433892C0098A896 /* Public */ = {
			isa = PBXGroup;
			children = (
				6ADEB8B62200859000370C71 /* Models */,
				6ADEB8BF2200883600370C71 /* Validator */,
			);
			path = Public;
			sourceTree = "<group>";
		};
		B4507829281F4C2F0030B001 /* tvOS */ = {
			isa = PBXGroup;
			children = (
				B450782A281F4C2F0030B001 /* SwiftyReceiptValidator_tvOS.h */,
			);
			path = tvOS;
			sourceTree = "<group>";
		};
		B4507845281F4D170030B001 /* macOS */ = {
			isa = PBXGroup;
			children = (
				B4507846281F4D170030B001 /* SwiftyReceiptValidator_macOS.h */,
			);
			path = macOS;
			sourceTree = "<group>";
		};
		B4533F271DA2BD8900440CC0 = {
			isa = PBXGroup;
			children = (
				6A2755922315D0EA00F131C1 /* README.md */,
				6A436B5C23EEDAC500D5F5EA /* Package.swift */,
				B4D6971C281F51FD00DA13C0 /* SwiftyReceiptValidator.podspec */,
				6AA4F7BC23D5095E00CF4514 /* Sources */,
				B4D696FF281F514000DA13C0 /* iOS */,
				B4507829281F4C2F0030B001 /* tvOS */,
				B4507845281F4D170030B001 /* macOS */,
				B4533F321DA2BD8900440CC0 /* Products */,
			);
			sourceTree = "<group>";
		};
		B4533F321DA2BD8900440CC0 /* Products */ = {
			isa = PBXGroup;
			children = (
				B4507828281F4C2F0030B001 /* SwiftyReceiptValidator.framework */,
				B4507844281F4D170030B001 /* SwiftyReceiptValidator_macOS.framework */,
				B4D696FE281F514000DA13C0 /* SwiftyReceiptValidator.framework */,
			);
			name = Products;
			sourceTree = "<group>";
		};
		B4D696FF281F514000DA13C0 /* iOS */ = {
			isa = PBXGroup;
			children = (
				B4D69700281F514000DA13C0 /* SwiftyReceiptValidator_iOS.h */,
			);
			path = iOS;
			sourceTree = "<group>";
		};
/* End PBXGroup section */

/* Begin PBXHeadersBuildPhase section */
		B4507823281F4C2F0030B001 /* Headers */ = {
			isa = PBXHeadersBuildPhase;
			buildActionMask = 2147483647;
			files = (
				B4507838281F4C2F0030B001 /* SwiftyReceiptValidator_tvOS.h in Headers */,
			);
			runOnlyForDeploymentPostprocessing = 0;
		};
		B450783F281F4D170030B001 /* Headers */ = {
			isa = PBXHeadersBuildPhase;
			buildActionMask = 2147483647;
			files = (
				B4507847281F4D170030B001 /* SwiftyReceiptValidator_macOS.h in Headers */,
			);
			runOnlyForDeploymentPostprocessing = 0;
		};
		B4D696F9281F514000DA13C0 /* Headers */ = {
			isa = PBXHeadersBuildPhase;
			buildActionMask = 2147483647;
			files = (
				B4D69701281F514000DA13C0 /* SwiftyReceiptValidator_iOS.h in Headers */,
			);
			runOnlyForDeploymentPostprocessing = 0;
		};
/* End PBXHeadersBuildPhase section */

/* Begin PBXNativeTarget section */
		B4507827281F4C2F0030B001 /* SwiftyReceiptValidator tvOS */ = {
			isa = PBXNativeTarget;
			buildConfigurationList = B4507839281F4C2F0030B001 /* Build configuration list for PBXNativeTarget "SwiftyReceiptValidator tvOS" */;
			buildPhases = (
				B4507823281F4C2F0030B001 /* Headers */,
				B4507824281F4C2F0030B001 /* Sources */,
				B4507825281F4C2F0030B001 /* Frameworks */,
				B4507826281F4C2F0030B001 /* Resources */,
			);
			buildRules = (
			);
			dependencies = (
			);
			name = "SwiftyReceiptValidator tvOS";
			productName = "SwiftyReceiptValidator tvOS";
			productReference = B4507828281F4C2F0030B001 /* SwiftyReceiptValidator.framework */;
			productType = "com.apple.product-type.framework";
		};
		B4507843281F4D170030B001 /* SwiftyReceiptValidator macOS */ = {
			isa = PBXNativeTarget;
			buildConfigurationList = B4507848281F4D170030B001 /* Build configuration list for PBXNativeTarget "SwiftyReceiptValidator macOS" */;
			buildPhases = (
				B450783F281F4D170030B001 /* Headers */,
				B4507840281F4D170030B001 /* Sources */,
				B4507841281F4D170030B001 /* Frameworks */,
				B4507842281F4D170030B001 /* Resources */,
			);
			buildRules = (
			);
			dependencies = (
			);
			name = "SwiftyReceiptValidator macOS";
			productName = SwiftyReceiptValidator_macOS;
			productReference = B4507844281F4D170030B001 /* SwiftyReceiptValidator_macOS.framework */;
			productType = "com.apple.product-type.framework";
		};
		B4D696FD281F514000DA13C0 /* SwiftyReceiptValidator iOS */ = {
			isa = PBXNativeTarget;
			buildConfigurationList = B4D69702281F514000DA13C0 /* Build configuration list for PBXNativeTarget "SwiftyReceiptValidator iOS" */;
			buildPhases = (
				B4D696F9281F514000DA13C0 /* Headers */,
				B4D696FA281F514000DA13C0 /* Sources */,
				B4D696FB281F514000DA13C0 /* Frameworks */,
				B4D696FC281F514000DA13C0 /* Resources */,
			);
			buildRules = (
			);
			dependencies = (
			);
			name = "SwiftyReceiptValidator iOS";
			productName = "SwiftyReceiptValidator iOS";
			productReference = B4D696FE281F514000DA13C0 /* SwiftyReceiptValidator.framework */;
			productType = "com.apple.product-type.framework";
		};
/* End PBXNativeTarget section */

/* Begin PBXProject section */
		B4533F281DA2BD8900440CC0 /* Project object */ = {
			isa = PBXProject;
			attributes = {
				LastSwiftUpdateCheck = 1330;
				LastUpgradeCheck = 1300;
				ORGANIZATIONNAME = "Dominik Ringler";
				TargetAttributes = {
					B4507827281F4C2F0030B001 = {
						CreatedOnToolsVersion = 13.3.1;
						DevelopmentTeam = DK88YZ475Z;
						ProvisioningStyle = Automatic;
					};
					B4507843281F4D170030B001 = {
						CreatedOnToolsVersion = 13.3.1;
						DevelopmentTeam = DK88YZ475Z;
						ProvisioningStyle = Automatic;
					};
					B4D696FD281F514000DA13C0 = {
						CreatedOnToolsVersion = 13.3.1;
						DevelopmentTeam = DK88YZ475Z;
						ProvisioningStyle = Automatic;
					};
				};
			};
			buildConfigurationList = B4533F2B1DA2BD8900440CC0 /* Build configuration list for PBXProject "SwiftyReceiptValidator" */;
			compatibilityVersion = "Xcode 13.0";
			developmentRegion = en;
			hasScannedForEncodings = 0;
			knownRegions = (
				en,
			);
			mainGroup = B4533F271DA2BD8900440CC0;
			productRefGroup = B4533F321DA2BD8900440CC0 /* Products */;
			projectDirPath = "";
			projectRoot = "";
			targets = (
				B4D696FD281F514000DA13C0 /* SwiftyReceiptValidator iOS */,
				B4507827281F4C2F0030B001 /* SwiftyReceiptValidator tvOS */,
				B4507843281F4D170030B001 /* SwiftyReceiptValidator macOS */,
			);
		};
/* End PBXProject section */

/* Begin PBXResourcesBuildPhase section */
		B4507826281F4C2F0030B001 /* Resources */ = {
			isa = PBXResourcesBuildPhase;
			buildActionMask = 2147483647;
			files = (
			);
			runOnlyForDeploymentPostprocessing = 0;
		};
		B4507842281F4D170030B001 /* Resources */ = {
			isa = PBXResourcesBuildPhase;
			buildActionMask = 2147483647;
			files = (
			);
			runOnlyForDeploymentPostprocessing = 0;
		};
		B4D696FC281F514000DA13C0 /* Resources */ = {
			isa = PBXResourcesBuildPhase;
			buildActionMask = 2147483647;
			files = (
			);
			runOnlyForDeploymentPostprocessing = 0;
		};
/* End PBXResourcesBuildPhase section */

/* Begin PBXSourcesBuildPhase section */
		B4507824281F4C2F0030B001 /* Sources */ = {
			isa = PBXSourcesBuildPhase;
			buildActionMask = 2147483647;
			files = (
				B47BAC74281F4EBC004E05B9 /* Configuration.swift in Sources */,
				B47BAC79281F4EBC004E05B9 /* StatusCode.swift in Sources */,
				B47BAC6A281F4EB4004E05B9 /* URLSessionManager.swift in Sources */,
				B47BAC77281F4EBC004E05B9 /* ReceiptInApp.swift in Sources */,
				B47BAC76281F4EBC004E05B9 /* PendingRenewalInfo.swift in Sources */,
				B47BAC82281F4EC0004E05B9 /* Receipt+Mock.swift in Sources */,
				B47BAC88281F4EC5004E05B9 /* PurchaseValidationRequest.swift in Sources */,
				B47BAC84281F4EC0004E05B9 /* SubscriptionValidationResponse+Mock.swift in Sources */,
				B47BAC75281F4EBC004E05B9 /* Receipt.swift in Sources */,
				B47BAC8E281F4ECE004E05B9 /* ReceiptValidator.swift in Sources */,
				B47BAC80281F4EC0004E05B9 /* ReceiptInApp+Mock.swift in Sources */,
				B47BAC8C281F4ECB004E05B9 /* ReceiptResponse.swift in Sources */,
				B47BAC87281F4EC5004E05B9 /* SubscriptionValidationRequest.swift in Sources */,
				B47BAC81281F4EC0004E05B9 /* ReceiptResponse+Mock.swift in Sources */,
				B47BAC7A281F4EBC004E05B9 /* AutoRenewStatus.swift in Sources */,
				B47BAC6C281F4EB4004E05B9 /* ReceiptClient.swift in Sources */,
				B47BAC8B281F4ECB004E05B9 /* SubscriptionValidationResponse.swift in Sources */,
				B47BAC68281F4EB4004E05B9 /* ReceiptURLFetcher.swift in Sources */,
				B47BAC83281F4EC0004E05B9 /* PendingRenewalInfo+Mock.swift in Sources */,
				B47BAC69281F4EB4004E05B9 /* ResponseValidator.swift in Sources */,
				B47BAC78281F4EBC004E05B9 /* Error.swift in Sources */,
				B47BAC6B281F4EB4004E05B9 /* JSONDecoder+Receipt.swift in Sources */,
			);
			runOnlyForDeploymentPostprocessing = 0;
		};
		B4507840281F4D170030B001 /* Sources */ = {
			isa = PBXSourcesBuildPhase;
			buildActionMask = 2147483647;
			files = (
				B47BAC6D281F4EBB004E05B9 /* Configuration.swift in Sources */,
				B47BAC72281F4EBB004E05B9 /* StatusCode.swift in Sources */,
				B47BAC65281F4EB4004E05B9 /* URLSessionManager.swift in Sources */,
				B47BAC70281F4EBB004E05B9 /* ReceiptInApp.swift in Sources */,
				B47BAC6F281F4EBB004E05B9 /* PendingRenewalInfo.swift in Sources */,
				B47BAC7D281F4EC0004E05B9 /* Receipt+Mock.swift in Sources */,
				B47BAC86281F4EC5004E05B9 /* PurchaseValidationRequest.swift in Sources */,
				B47BAC7F281F4EC0004E05B9 /* SubscriptionValidationResponse+Mock.swift in Sources */,
				B47BAC6E281F4EBB004E05B9 /* Receipt.swift in Sources */,
				B47BAC8D281F4ECE004E05B9 /* ReceiptValidator.swift in Sources */,
				B47BAC7B281F4EC0004E05B9 /* ReceiptInApp+Mock.swift in Sources */,
				B47BAC8A281F4ECA004E05B9 /* ReceiptResponse.swift in Sources */,
				B47BAC85281F4EC5004E05B9 /* SubscriptionValidationRequest.swift in Sources */,
				B47BAC7C281F4EC0004E05B9 /* ReceiptResponse+Mock.swift in Sources */,
				B47BAC73281F4EBB004E05B9 /* AutoRenewStatus.swift in Sources */,
				B47BAC67281F4EB4004E05B9 /* ReceiptClient.swift in Sources */,
				B47BAC89281F4ECA004E05B9 /* SubscriptionValidationResponse.swift in Sources */,
				B47BAC63281F4EB4004E05B9 /* ReceiptURLFetcher.swift in Sources */,
				B47BAC7E281F4EC0004E05B9 /* PendingRenewalInfo+Mock.swift in Sources */,
				B47BAC64281F4EB4004E05B9 /* ResponseValidator.swift in Sources */,
				B47BAC71281F4EBB004E05B9 /* Error.swift in Sources */,
				B47BAC66281F4EB4004E05B9 /* JSONDecoder+Receipt.swift in Sources */,
			);
			runOnlyForDeploymentPostprocessing = 0;
		};
		B4D696FA281F514000DA13C0 /* Sources */ = {
			isa = PBXSourcesBuildPhase;
			buildActionMask = 2147483647;
			files = (
				B4D69708281F515500DA13C0 /* URLSessionManager.swift in Sources */,
				B4D6970A281F515900DA13C0 /* ReceiptValidator.swift in Sources */,
				B4D69716281F516300DA13C0 /* SubscriptionValidationResponse+Mock.swift in Sources */,
				B4D69718281F516600DA13C0 /* SubscriptionValidationRequest.swift in Sources */,
				B4D69710281F515D00DA13C0 /* StatusCode.swift in Sources */,
				B4D69715281F516300DA13C0 /* Receipt+Mock.swift in Sources */,
				B4D6970D281F515D00DA13C0 /* ReceiptInApp.swift in Sources */,
				B4D69717281F516600DA13C0 /* PurchaseValidationRequest.swift in Sources */,
				B4D69713281F516300DA13C0 /* PendingRenewalInfo+Mock.swift in Sources */,
				B4D6971A281F516A00DA13C0 /* ReceiptResponse.swift in Sources */,
				B4D6970C281F515D00DA13C0 /* PendingRenewalInfo.swift in Sources */,
				B4D6970B281F515D00DA13C0 /* Receipt.swift in Sources */,
				B4D69719281F516A00DA13C0 /* SubscriptionValidationResponse.swift in Sources */,
				B4D69712281F516300DA13C0 /* ReceiptResponse+Mock.swift in Sources */,
				B4D6971B281F51DA00DA13C0 /* Error.swift in Sources */,
				B4D69711281F515D00DA13C0 /* Configuration.swift in Sources */,
				B4D69707281F515500DA13C0 /* ResponseValidator.swift in Sources */,
				B4D69714281F516300DA13C0 /* ReceiptInApp+Mock.swift in Sources */,
				B4D69705281F515500DA13C0 /* ReceiptURLFetcher.swift in Sources */,
				B4D69706281F515500DA13C0 /* ReceiptClient.swift in Sources */,
				B4D6970E281F515D00DA13C0 /* AutoRenewStatus.swift in Sources */,
				B4D69709281F515500DA13C0 /* JSONDecoder+Receipt.swift in Sources */,
			);
			runOnlyForDeploymentPostprocessing = 0;
		};
/* End PBXSourcesBuildPhase section */

/* Begin XCBuildConfiguration section */
		B450783A281F4C2F0030B001 /* Debug */ = {
			isa = XCBuildConfiguration;
			buildSettings = {
				CLANG_ANALYZER_NUMBER_OBJECT_CONVERSION = YES_AGGRESSIVE;
				CLANG_CXX_LANGUAGE_STANDARD = "gnu++17";
				CLANG_ENABLE_OBJC_WEAK = YES;
				CLANG_WARN_UNGUARDED_AVAILABILITY = YES_AGGRESSIVE;
				CODE_SIGN_STYLE = Automatic;
				CURRENT_PROJECT_VERSION = 1;
				DEFINES_MODULE = YES;
				DEVELOPMENT_TEAM = DK88YZ475Z;
				DYLIB_COMPATIBILITY_VERSION = 1;
				DYLIB_CURRENT_VERSION = 1;
				DYLIB_INSTALL_NAME_BASE = "@rpath";
				GCC_C_LANGUAGE_STANDARD = gnu11;
				GENERATE_INFOPLIST_FILE = YES;
				INFOPLIST_KEY_NSHumanReadableCopyright = "Copyright © 2022 Dominik. All rights reserved.";
				INSTALL_PATH = "$(LOCAL_LIBRARY_DIR)/Frameworks";
				LD_RUNPATH_SEARCH_PATHS = (
					"$(inherited)",
					"@executable_path/Frameworks",
					"@loader_path/Frameworks",
				);
				MARKETING_VERSION = 1.0;
				MTL_ENABLE_DEBUG_INFO = INCLUDE_SOURCE;
				MTL_FAST_MATH = YES;
				PRODUCT_BUNDLE_IDENTIFIER = com.swiftyreceiptvalidator;
				PRODUCT_NAME = SwiftyReceiptValidator;
				SDKROOT = appletvos;
				SKIP_INSTALL = YES;
				SWIFT_EMIT_LOC_STRINGS = YES;
				SWIFT_VERSION = 5.0;
				TARGETED_DEVICE_FAMILY = 3;
				TVOS_DEPLOYMENT_TARGET = 12.0;
			};
			name = Debug;
		};
		B450783B281F4C2F0030B001 /* Release */ = {
			isa = XCBuildConfiguration;
			buildSettings = {
				CLANG_ANALYZER_NUMBER_OBJECT_CONVERSION = YES_AGGRESSIVE;
				CLANG_CXX_LANGUAGE_STANDARD = "gnu++17";
				CLANG_ENABLE_OBJC_WEAK = YES;
				CLANG_WARN_UNGUARDED_AVAILABILITY = YES_AGGRESSIVE;
				CODE_SIGN_STYLE = Automatic;
				CURRENT_PROJECT_VERSION = 1;
				DEFINES_MODULE = YES;
				DEVELOPMENT_TEAM = DK88YZ475Z;
				DYLIB_COMPATIBILITY_VERSION = 1;
				DYLIB_CURRENT_VERSION = 1;
				DYLIB_INSTALL_NAME_BASE = "@rpath";
				GCC_C_LANGUAGE_STANDARD = gnu11;
				GENERATE_INFOPLIST_FILE = YES;
				INFOPLIST_KEY_NSHumanReadableCopyright = "Copyright © 2022 Dominik. All rights reserved.";
				INSTALL_PATH = "$(LOCAL_LIBRARY_DIR)/Frameworks";
				LD_RUNPATH_SEARCH_PATHS = (
					"$(inherited)",
					"@executable_path/Frameworks",
					"@loader_path/Frameworks",
				);
				MARKETING_VERSION = 1.0;
				MTL_FAST_MATH = YES;
				PRODUCT_BUNDLE_IDENTIFIER = com.swiftyreceiptvalidator;
				PRODUCT_NAME = SwiftyReceiptValidator;
				SDKROOT = appletvos;
				SKIP_INSTALL = YES;
				SWIFT_EMIT_LOC_STRINGS = YES;
				SWIFT_VERSION = 5.0;
				TARGETED_DEVICE_FAMILY = 3;
				TVOS_DEPLOYMENT_TARGET = 12.0;
			};
			name = Release;
		};
		B4507849281F4D170030B001 /* Debug */ = {
			isa = XCBuildConfiguration;
			buildSettings = {
				CLANG_ANALYZER_NUMBER_OBJECT_CONVERSION = YES_AGGRESSIVE;
				CLANG_CXX_LANGUAGE_STANDARD = "gnu++17";
				CLANG_ENABLE_OBJC_WEAK = YES;
				CLANG_WARN_UNGUARDED_AVAILABILITY = YES_AGGRESSIVE;
				CODE_SIGN_STYLE = Automatic;
				COMBINE_HIDPI_IMAGES = YES;
				CURRENT_PROJECT_VERSION = 1;
				DEFINES_MODULE = YES;
				DEVELOPMENT_TEAM = DK88YZ475Z;
				DYLIB_COMPATIBILITY_VERSION = 1;
				DYLIB_CURRENT_VERSION = 1;
				DYLIB_INSTALL_NAME_BASE = "@rpath";
				GCC_C_LANGUAGE_STANDARD = gnu11;
				GENERATE_INFOPLIST_FILE = YES;
				INFOPLIST_KEY_NSHumanReadableCopyright = "Copyright © 2022 Dominik. All rights reserved.";
				INSTALL_PATH = "$(LOCAL_LIBRARY_DIR)/Frameworks";
				LD_RUNPATH_SEARCH_PATHS = (
					"$(inherited)",
					"@executable_path/../Frameworks",
					"@loader_path/Frameworks",
				);
				MACOSX_DEPLOYMENT_TARGET = 10.15;
				MARKETING_VERSION = 1.0;
				MTL_ENABLE_DEBUG_INFO = INCLUDE_SOURCE;
				MTL_FAST_MATH = YES;
				PRODUCT_BUNDLE_IDENTIFIER = com.swiftyreceiptvalidator;
				PRODUCT_NAME = "$(TARGET_NAME:c99extidentifier)";
				SDKROOT = macosx;
				SKIP_INSTALL = YES;
				SWIFT_EMIT_LOC_STRINGS = YES;
				SWIFT_VERSION = 5.0;
			};
			name = Debug;
		};
		B450784A281F4D170030B001 /* Release */ = {
			isa = XCBuildConfiguration;
			buildSettings = {
				CLANG_ANALYZER_NUMBER_OBJECT_CONVERSION = YES_AGGRESSIVE;
				CLANG_CXX_LANGUAGE_STANDARD = "gnu++17";
				CLANG_ENABLE_OBJC_WEAK = YES;
				CLANG_WARN_UNGUARDED_AVAILABILITY = YES_AGGRESSIVE;
				CODE_SIGN_STYLE = Automatic;
				COMBINE_HIDPI_IMAGES = YES;
				CURRENT_PROJECT_VERSION = 1;
				DEFINES_MODULE = YES;
				DEVELOPMENT_TEAM = DK88YZ475Z;
				DYLIB_COMPATIBILITY_VERSION = 1;
				DYLIB_CURRENT_VERSION = 1;
				DYLIB_INSTALL_NAME_BASE = "@rpath";
				GCC_C_LANGUAGE_STANDARD = gnu11;
				GENERATE_INFOPLIST_FILE = YES;
				INFOPLIST_KEY_NSHumanReadableCopyright = "Copyright © 2022 Dominik. All rights reserved.";
				INSTALL_PATH = "$(LOCAL_LIBRARY_DIR)/Frameworks";
				LD_RUNPATH_SEARCH_PATHS = (
					"$(inherited)",
					"@executable_path/../Frameworks",
					"@loader_path/Frameworks",
				);
				MACOSX_DEPLOYMENT_TARGET = 10.15;
				MARKETING_VERSION = 1.0;
				MTL_FAST_MATH = YES;
				PRODUCT_BUNDLE_IDENTIFIER = com.swiftyreceiptvalidator;
				PRODUCT_NAME = "$(TARGET_NAME:c99extidentifier)";
				SDKROOT = macosx;
				SKIP_INSTALL = YES;
				SWIFT_EMIT_LOC_STRINGS = YES;
				SWIFT_VERSION = 5.0;
			};
			name = Release;
		};
		B4533F371DA2BD8900440CC0 /* Debug */ = {
			isa = XCBuildConfiguration;
			buildSettings = {
				ALWAYS_SEARCH_USER_PATHS = NO;
				CLANG_ANALYZER_LOCALIZABILITY_NONLOCALIZED = YES;
				CLANG_ANALYZER_NONNULL = YES;
				CLANG_CXX_LANGUAGE_STANDARD = "gnu++0x";
				CLANG_CXX_LIBRARY = "libc++";
				CLANG_ENABLE_MODULES = YES;
				CLANG_ENABLE_OBJC_ARC = YES;
				CLANG_WARN_BLOCK_CAPTURE_AUTORELEASING = YES;
				CLANG_WARN_BOOL_CONVERSION = YES;
				CLANG_WARN_COMMA = YES;
				CLANG_WARN_CONSTANT_CONVERSION = YES;
				CLANG_WARN_DEPRECATED_OBJC_IMPLEMENTATIONS = YES;
				CLANG_WARN_DIRECT_OBJC_ISA_USAGE = YES_ERROR;
				CLANG_WARN_DOCUMENTATION_COMMENTS = YES;
				CLANG_WARN_EMPTY_BODY = YES;
				CLANG_WARN_ENUM_CONVERSION = YES;
				CLANG_WARN_INFINITE_RECURSION = YES;
				CLANG_WARN_INT_CONVERSION = YES;
				CLANG_WARN_NON_LITERAL_NULL_CONVERSION = YES;
				CLANG_WARN_OBJC_IMPLICIT_RETAIN_SELF = YES;
				CLANG_WARN_OBJC_LITERAL_CONVERSION = YES;
				CLANG_WARN_OBJC_ROOT_CLASS = YES_ERROR;
				CLANG_WARN_QUOTED_INCLUDE_IN_FRAMEWORK_HEADER = YES;
				CLANG_WARN_RANGE_LOOP_ANALYSIS = YES;
				CLANG_WARN_STRICT_PROTOTYPES = YES;
				CLANG_WARN_SUSPICIOUS_MOVE = YES;
				CLANG_WARN_SUSPICIOUS_MOVES = YES;
				CLANG_WARN_UNREACHABLE_CODE = YES;
				CLANG_WARN__DUPLICATE_METHOD_MATCH = YES;
				"CODE_SIGN_IDENTITY[sdk=iphoneos*]" = "iPhone Developer";
				COPY_PHASE_STRIP = NO;
				CURRENT_PROJECT_VERSION = 1;
				DEBUG_INFORMATION_FORMAT = dwarf;
				ENABLE_STRICT_OBJC_MSGSEND = YES;
				ENABLE_TESTABILITY = YES;
				GCC_C_LANGUAGE_STANDARD = gnu99;
				GCC_DYNAMIC_NO_PIC = NO;
				GCC_NO_COMMON_BLOCKS = YES;
				GCC_OPTIMIZATION_LEVEL = 0;
				GCC_PREPROCESSOR_DEFINITIONS = (
					"DEBUG=1",
					"$(inherited)",
				);
				GCC_WARN_64_TO_32_BIT_CONVERSION = YES;
				GCC_WARN_ABOUT_RETURN_TYPE = YES_ERROR;
				GCC_WARN_UNDECLARED_SELECTOR = YES;
				GCC_WARN_UNINITIALIZED_AUTOS = YES_AGGRESSIVE;
				GCC_WARN_UNUSED_FUNCTION = YES;
				GCC_WARN_UNUSED_VARIABLE = YES;
				MTL_ENABLE_DEBUG_INFO = YES;
				ONLY_ACTIVE_ARCH = YES;
				SDKROOT = iphoneos;
				SWIFT_ACTIVE_COMPILATION_CONDITIONS = DEBUG;
				SWIFT_OPTIMIZATION_LEVEL = "-Onone";
				SWIFT_VERSION = 4.0;
				TARGETED_DEVICE_FAMILY = "1,2";
				VERSIONING_SYSTEM = "apple-generic";
				VERSION_INFO_PREFIX = "";
			};
			name = Debug;
		};
		B4533F381DA2BD8900440CC0 /* Release */ = {
			isa = XCBuildConfiguration;
			buildSettings = {
				ALWAYS_SEARCH_USER_PATHS = NO;
				CLANG_ANALYZER_LOCALIZABILITY_NONLOCALIZED = YES;
				CLANG_ANALYZER_NONNULL = YES;
				CLANG_CXX_LANGUAGE_STANDARD = "gnu++0x";
				CLANG_CXX_LIBRARY = "libc++";
				CLANG_ENABLE_MODULES = YES;
				CLANG_ENABLE_OBJC_ARC = YES;
				CLANG_WARN_BLOCK_CAPTURE_AUTORELEASING = YES;
				CLANG_WARN_BOOL_CONVERSION = YES;
				CLANG_WARN_COMMA = YES;
				CLANG_WARN_CONSTANT_CONVERSION = YES;
				CLANG_WARN_DEPRECATED_OBJC_IMPLEMENTATIONS = YES;
				CLANG_WARN_DIRECT_OBJC_ISA_USAGE = YES_ERROR;
				CLANG_WARN_DOCUMENTATION_COMMENTS = YES;
				CLANG_WARN_EMPTY_BODY = YES;
				CLANG_WARN_ENUM_CONVERSION = YES;
				CLANG_WARN_INFINITE_RECURSION = YES;
				CLANG_WARN_INT_CONVERSION = YES;
				CLANG_WARN_NON_LITERAL_NULL_CONVERSION = YES;
				CLANG_WARN_OBJC_IMPLICIT_RETAIN_SELF = YES;
				CLANG_WARN_OBJC_LITERAL_CONVERSION = YES;
				CLANG_WARN_OBJC_ROOT_CLASS = YES_ERROR;
				CLANG_WARN_QUOTED_INCLUDE_IN_FRAMEWORK_HEADER = YES;
				CLANG_WARN_RANGE_LOOP_ANALYSIS = YES;
				CLANG_WARN_STRICT_PROTOTYPES = YES;
				CLANG_WARN_SUSPICIOUS_MOVE = YES;
				CLANG_WARN_SUSPICIOUS_MOVES = YES;
				CLANG_WARN_UNREACHABLE_CODE = YES;
				CLANG_WARN__DUPLICATE_METHOD_MATCH = YES;
				"CODE_SIGN_IDENTITY[sdk=iphoneos*]" = "iPhone Developer";
				COPY_PHASE_STRIP = NO;
				CURRENT_PROJECT_VERSION = 1;
				DEBUG_INFORMATION_FORMAT = "dwarf-with-dsym";
				ENABLE_NS_ASSERTIONS = NO;
				ENABLE_STRICT_OBJC_MSGSEND = YES;
				GCC_C_LANGUAGE_STANDARD = gnu99;
				GCC_NO_COMMON_BLOCKS = YES;
				GCC_WARN_64_TO_32_BIT_CONVERSION = YES;
				GCC_WARN_ABOUT_RETURN_TYPE = YES_ERROR;
				GCC_WARN_UNDECLARED_SELECTOR = YES;
				GCC_WARN_UNINITIALIZED_AUTOS = YES_AGGRESSIVE;
				GCC_WARN_UNUSED_FUNCTION = YES;
				GCC_WARN_UNUSED_VARIABLE = YES;
				MTL_ENABLE_DEBUG_INFO = NO;
				SDKROOT = iphoneos;
				SWIFT_COMPILATION_MODE = wholemodule;
				SWIFT_OPTIMIZATION_LEVEL = "-O";
				SWIFT_VERSION = 4.0;
				TARGETED_DEVICE_FAMILY = "1,2";
				VALIDATE_PRODUCT = YES;
				VERSIONING_SYSTEM = "apple-generic";
				VERSION_INFO_PREFIX = "";
			};
			name = Release;
		};
		B4D69703281F514000DA13C0 /* Debug */ = {
			isa = XCBuildConfiguration;
			buildSettings = {
				CLANG_ANALYZER_NUMBER_OBJECT_CONVERSION = YES_AGGRESSIVE;
				CLANG_CXX_LANGUAGE_STANDARD = "gnu++17";
				CLANG_ENABLE_OBJC_WEAK = YES;
				CLANG_WARN_UNGUARDED_AVAILABILITY = YES_AGGRESSIVE;
				CODE_SIGN_STYLE = Automatic;
				CURRENT_PROJECT_VERSION = 1;
				DEFINES_MODULE = YES;
				DEVELOPMENT_TEAM = DK88YZ475Z;
				DYLIB_COMPATIBILITY_VERSION = 1;
				DYLIB_CURRENT_VERSION = 1;
				DYLIB_INSTALL_NAME_BASE = "@rpath";
				GCC_C_LANGUAGE_STANDARD = gnu11;
				GENERATE_INFOPLIST_FILE = YES;
				INFOPLIST_KEY_NSHumanReadableCopyright = "Copyright © 2022 Dominik. All rights reserved.";
				INSTALL_PATH = "$(LOCAL_LIBRARY_DIR)/Frameworks";
				IPHONEOS_DEPLOYMENT_TARGET = 12.0;
				LD_RUNPATH_SEARCH_PATHS = (
					"$(inherited)",
					"@executable_path/Frameworks",
					"@loader_path/Frameworks",
				);
				MARKETING_VERSION = 1.0;
				MTL_ENABLE_DEBUG_INFO = INCLUDE_SOURCE;
				MTL_FAST_MATH = YES;
				PRODUCT_BUNDLE_IDENTIFIER = com.swiftyreceiptvalidator;
				PRODUCT_NAME = SwiftyReceiptValidator;
				SKIP_INSTALL = YES;
				SUPPORTS_MACCATALYST = NO;
				SWIFT_EMIT_LOC_STRINGS = YES;
				SWIFT_VERSION = 5.0;
				TARGETED_DEVICE_FAMILY = "1,2";
			};
			name = Debug;
		};
		B4D69704281F514000DA13C0 /* Release */ = {
			isa = XCBuildConfiguration;
			buildSettings = {
				CLANG_ANALYZER_NUMBER_OBJECT_CONVERSION = YES_AGGRESSIVE;
				CLANG_CXX_LANGUAGE_STANDARD = "gnu++17";
				CLANG_ENABLE_OBJC_WEAK = YES;
				CLANG_WARN_UNGUARDED_AVAILABILITY = YES_AGGRESSIVE;
				CODE_SIGN_STYLE = Automatic;
				CURRENT_PROJECT_VERSION = 1;
				DEFINES_MODULE = YES;
				DEVELOPMENT_TEAM = DK88YZ475Z;
				DYLIB_COMPATIBILITY_VERSION = 1;
				DYLIB_CURRENT_VERSION = 1;
				DYLIB_INSTALL_NAME_BASE = "@rpath";
				GCC_C_LANGUAGE_STANDARD = gnu11;
				GENERATE_INFOPLIST_FILE = YES;
				INFOPLIST_KEY_NSHumanReadableCopyright = "Copyright © 2022 Dominik. All rights reserved.";
				INSTALL_PATH = "$(LOCAL_LIBRARY_DIR)/Frameworks";
				IPHONEOS_DEPLOYMENT_TARGET = 12.0;
				LD_RUNPATH_SEARCH_PATHS = (
					"$(inherited)",
					"@executable_path/Frameworks",
					"@loader_path/Frameworks",
				);
				MARKETING_VERSION = 1.0;
				MTL_FAST_MATH = YES;
				PRODUCT_BUNDLE_IDENTIFIER = com.swiftyreceiptvalidator;
				PRODUCT_NAME = SwiftyReceiptValidator;
				SKIP_INSTALL = YES;
				SUPPORTS_MACCATALYST = NO;
				SWIFT_EMIT_LOC_STRINGS = YES;
				SWIFT_VERSION = 5.0;
				TARGETED_DEVICE_FAMILY = "1,2";
			};
			name = Release;
		};
/* End XCBuildConfiguration section */

/* Begin XCConfigurationList section */
		B4507839281F4C2F0030B001 /* Build configuration list for PBXNativeTarget "SwiftyReceiptValidator tvOS" */ = {
			isa = XCConfigurationList;
			buildConfigurations = (
				B450783A281F4C2F0030B001 /* Debug */,
				B450783B281F4C2F0030B001 /* Release */,
			);
			defaultConfigurationIsVisible = 0;
			defaultConfigurationName = Release;
		};
		B4507848281F4D170030B001 /* Build configuration list for PBXNativeTarget "SwiftyReceiptValidator macOS" */ = {
			isa = XCConfigurationList;
			buildConfigurations = (
				B4507849281F4D170030B001 /* Debug */,
				B450784A281F4D170030B001 /* Release */,
			);
			defaultConfigurationIsVisible = 0;
			defaultConfigurationName = Release;
		};
		B4533F2B1DA2BD8900440CC0 /* Build configuration list for PBXProject "SwiftyReceiptValidator" */ = {
			isa = XCConfigurationList;
			buildConfigurations = (
				B4533F371DA2BD8900440CC0 /* Debug */,
				B4533F381DA2BD8900440CC0 /* Release */,
			);
			defaultConfigurationIsVisible = 0;
			defaultConfigurationName = Release;
		};
		B4D69702281F514000DA13C0 /* Build configuration list for PBXNativeTarget "SwiftyReceiptValidator iOS" */ = {
			isa = XCConfigurationList;
			buildConfigurations = (
				B4D69703281F514000DA13C0 /* Debug */,
				B4D69704281F514000DA13C0 /* Release */,
			);
			defaultConfigurationIsVisible = 0;
			defaultConfigurationName = Release;
		};
/* End XCConfigurationList section */
	};
	rootObject = B4533F281DA2BD8900440CC0 /* Project object */;
}
